
Microsoft Visual Studio Solution File, Format Version 12.00
# Visual Studio Version 17
VisualStudioVersion = 17.4.33213.308
MinimumVisualStudioVersion = 10.0.40219.1
Project("{FAE04EC0-301F-11D3-BF4B-00C04F79EFBC}") = "Day2API", "Day2API.csproj", "{C2E518FC-BF44-41A0-8209-1733123AFACB}"
EndProject
Project("{FAE04EC0-301F-11D3-BF4B-00C04F79EFBC}") = "Day2.BL", "..\Day2.BL\Day2.BL.csproj", "{5061357C-A4C9-4B87-879D-2951A16759FB}"
EndProject
Project("{FAE04EC0-301F-11D3-BF4B-00C04F79EFBC}") = "Day2.DAL", "..\Day2.DAL\Day2.DAL.csproj", "{856B16FC-5323-4C54-8942-4520FB6017DD}"
EndProject
Global
	GlobalSection(SolutionConfigurationPlatforms) = preSolution
		Debug|Any CPU = Debug|Any CPU
		Release|Any CPU = Release|Any CPU
	EndGlobalSection
	GlobalSection(ProjectConfigurationPlatforms) = postSolution
		{C2E518FC-BF44-41A0-8209-1733123AFACB}.Debug|Any CPU.ActiveCfg = Debug|Any CPU
		{C2E518FC-BF44-41A0-8209-1733123AFACB}.Debug|Any CPU.Build.0 = Debug|Any CPU
		{C2E518FC-BF44-41A0-8209-1733123AFACB}.Release|Any CPU.ActiveCfg = Release|Any CPU
		{C2E518FC-BF44-41A0-8209-1733123AFACB}.Release|Any CPU.Build.0 = Release|Any CPU
		{5061357C-A4C9-4B87-879D-2951A16759FB}.Debug|Any CPU.ActiveCfg = Debug|Any CPU
		{5061357C-A4C9-4B87-879D-2951A16759FB}.Debug|Any CPU.Build.0 = Debug|Any CPU
		{5061357C-A4C9-4B87-879D-2951A16759FB}.Release|Any CPU.ActiveCfg = Release|Any CPU
		{5061357C-A4C9-4B87-879D-2951A16759FB}.Release|Any CPU.Build.0 = Release|Any CPU
		{856B16FC-5323-4C54-8942-4520FB6017DD}.Debug|Any CPU.ActiveCfg = Debug|Any CPU
		{856B16FC-5323-4C54-8942-4520FB6017DD}.Debug|Any CPU.Build.0 = Debug|Any CPU
		{856B16FC-5323-4C54-8942-4520FB6017DD}.Release|Any CPU.ActiveCfg = Release|Any CPU
		{856B16FC-5323-4C54-8942-4520FB6017DD}.Release|Any CPU.Build.0 = Release|Any CPU
	EndGlobalSection
	GlobalSection(SolutionProperties) = preSolution
		HideSolutionNode = FALSE
	EndGlobalSection
	GlobalSection(ExtensibilityGlobals) = postSolution
		SolutionGuid = {0ACEBF92-647C-4BEE-9240-61C38D8C2B15}
	EndGlobalSection
EndGlobal
